
Microsoft Visual Studio Solution File, Format Version 12.00
# Visual Studio Version 16
VisualStudioVersion = 16.0.30225.117
MinimumVisualStudioVersion = 10.0.40219.1
Project("{9A19103F-16F7-4668-BE54-9A1E7A4F7556}") = "Bolt", "Bolt\Bolt.csproj", "{0DBF24BF-0210-4810-9250-616A7AC1CACC}"
EndProject
Global
	GlobalSection(SolutionConfigurationPlatforms) = preSolution
		Debug|Any CPU = Debug|Any CPU
		Release|Any CPU = Release|Any CPU
	EndGlobalSection
	GlobalSection(ProjectConfigurationPlatforms) = postSolution
		{0DBF24BF-0210-4810-9250-616A7AC1CACC}.Debug|Any CPU.ActiveCfg = Debug|Any CPU
		{0DBF24BF-0210-4810-9250-616A7AC1CACC}.Debug|Any CPU.Build.0 = Debug|Any CPU
		{0DBF24BF-0210-4810-9250-616A7AC1CACC}.Release|Any CPU.ActiveCfg = Release|Any CPU
		{0DBF24BF-0210-4810-9250-616A7AC1CACC}.Release|Any CPU.Build.0 = Release|Any CPU
	EndGlobalSection
	GlobalSection(SolutionProperties) = preSolution
		HideSolutionNode = FALSE
	EndGlobalSection
	GlobalSection(ExtensibilityGlobals) = postSolution
		SolutionGuid = {88311B19-72B4-47A8-995C-FDF58D0B7FFE}
	EndGlobalSection
EndGlobal
